
Microsoft Visual Studio Solution File, Format Version 12.00
# Visual Studio Version 17
VisualStudioVersion = 17.4.33213.308
MinimumVisualStudioVersion = 10.0.40219.1
Project("{FAE04EC0-301F-11D3-BF4B-00C04F79EFBC}") = "MermaidOpenAI", "MermaidOpenAI\MermaidOpenAI.csproj", "{325E7967-9F8A-4256-89D1-9075EB509739}"
EndProject
Global
	GlobalSection(SolutionConfigurationPlatforms) = preSolution
		Debug|Any CPU = Debug|Any CPU
		Release|Any CPU = Release|Any CPU
	EndGlobalSection
	GlobalSection(ProjectConfigurationPlatforms) = postSolution
		{325E7967-9F8A-4256-89D1-9075EB509739}.Debug|Any CPU.ActiveCfg = Debug|Any CPU
		{325E7967-9F8A-4256-89D1-9075EB509739}.Debug|Any CPU.Build.0 = Debug|Any CPU
		{325E7967-9F8A-4256-89D1-9075EB509739}.Release|Any CPU.ActiveCfg = Release|Any CPU
		{325E7967-9F8A-4256-89D1-9075EB509739}.Release|Any CPU.Build.0 = Release|Any CPU
	EndGlobalSection
	GlobalSection(SolutionProperties) = preSolution
		HideSolutionNode = FALSE
	EndGlobalSection
	GlobalSection(ExtensibilityGlobals) = postSolution
		SolutionGuid = {A465489E-F2E7-4177-9189-8FA697789B39}
	EndGlobalSection
EndGlobal
